<?xml version="1.0" encoding="UTF-8"?><plist><dict><key>archiveVersion</key><string>1</string><key>classes</key><dict/><key>objectVersion</key><string>42</string><key>objects</key><dict><key>000000000000000000000000</key><dict><key>isa</key><string>PBXFileReference</string><key>name</key><string>BRTOS.c</string><key>path</key><string>../../../brtos/BRTOS.c</string><key>sourceTree</key><string>SOURCE_ROOT</string></dict><key>000000000000000000000001</key><dict><key>isa</key><string>PBXFileReference</string><key>name</key><string>DAC.c</string><key>path</key><string>../Drivers/DAC/DAC.c</string><key>sourceTree</key><string>SOURCE_ROOT</string></dict><key>000000000000000000000002</key><dict><key>isa</key><string>PBXFileReference</string><key>name</key><string>FLASH.c</string><key>path</key><string>../Drivers/FLASH/FLASH.c</string><key>sourceTree</key><string>SOURCE_ROOT</string></dict><key>000000000000000000000003</key><dict><key>isa</key><string>PBXFileReference</string><key>name</key><string>FLASH1.c</string><key>path</key><string>../Drivers/FLASH/FLASH1.c</string><key>sourceTree</key><string>SOURCE_ROOT</string></dict><key>000000000000000000000004</key><dict><key>isa</key><string>PBXFileReference</string><key>name</key><string>HAL.c</string><key>path</key><string>../../../hal/GCC_CORTEX-M0/HAL.c</string><key>sourceTree</key><string>SOURCE_ROOT</string></dict><key>000000000000000000000005</key><dict><key>isa</key><string>PBXFileReference</string><key>name</key><string>LPO.c</string><key>path</key><string>../Drivers/LPO/LPO.c</string><key>sourceTree</key><string>SOURCE_ROOT</string></dict><key>000000000000000000000006</key><dict><key>isa</key><string>PBXFileReference</string><key>name</key><string>OSInfo.c</string><key>path</key><string>../../../brtos/OSInfo.c</string><key>sourceTree</key><string>SOURCE_ROOT</string></dict><key>000000000000000000000007</key><dict><key>isa</key><string>PBXFileReference</string><key>name</key><string>OS_RTC.c</string><key>path</key><string>../../../brtos/OS_RTC.c</string><key>sourceTree</key><string>SOURCE_ROOT</string></dict><key>000000000000000000000008</key><dict><key>isa</key><string>PBXFileReference</string><key>name</key><string>UART.c</string><key>path</key><string>../Drivers/UART.c</string><key>sourceTree</key><string>SOURCE_ROOT</string></dict><key>000000000000000000000009</key><dict><key>isa</key><string>PBXFileReference</string><key>name</key><string>accel.c</string><key>path</key><string>../Drivers/MMA8451/accel.c</string><key>sourceTree</key><string>SOURCE_ROOT</string></dict><key>00000000000000000000000a</key><dict><key>isa</key><string>PBXFileReference</string><key>name</key><string>aes-128.c</string><key>path</key><string>../../../contiki/core/lib/aes-128.c</string><key>sourceTree</key><string>SOURCE_ROOT</string></dict><key>00000000000000000000000b</key><dict><key>isa</key><string>PBXFileReference</string><key>name</key><string>anti-replay.c</string><key>path</key><string>../../../contiki/core/net/llsec/anti-replay.c</string><key>sourceTree</key><string>SOURCE_ROOT</string></dict><key>00000000000000000000000c</key><dict><key>isa</key><string>PBXFileReference</string><key>name</key><string>arg.c</string><key>path</key><string>../../../contiki/core/sys/arg.c</string><key>sourceTree</key><string>SOURCE_ROOT</string></dict><key>00000000000000000000000d</key><dict><key>isa</key><string>PBXFileReference</string><key>name</key><string>assert.c</string><key>path</key><string>../../../contiki/core/lib/assert.c</string><key>sourceTree</key><string>SOURCE_ROOT</string></dict><key>00000000000000000000000e</key><dict><key>isa</key><string>PBXFileReference</string><key>name</key><string>autostart.c</string><key>path</key><string>../../../contiki/core/sys/autostart.c</string><key>sourceTree</key><string>SOURCE_ROOT</string></dict><key>00000000000000000000000f</key><dict><key>isa</key><string>PBXFileReference</string><key>name</key><string>border-router.c</string><key>path</key><string>../../../contiki/examples/rpl-border-router/border-router.c</string><key>sourceTree</key><string>SOURCE_ROOT</string></dict><key>000000000000000000000010</key><dict><key>isa</key><string>PBXFileReference</string><key>name</key><string>ccm-star-packetbuf.c</string><key>path</key><string>../../../contiki/core/net/llsec/ccm-star-packetbuf.c</string><key>sourceTree</key><string>SOURCE_ROOT</string></dict><key>000000000000000000000011</key><dict><key>isa</key><string>PBXFileReference</string><key>name</key><string>ccm-star.c</string><key>path</key><string>../../../contiki/core/lib/ccm-star.c</string><key>sourceTree</key><string>SOURCE_ROOT</string></dict><key>000000000000000000000012</key><dict><key>isa</key><string>PBXFileReference</string><key>name</key><string>cfs-coffee.c</string><key>path</key><string>../../../contiki/core/cfs/cfs-coffee.c</string><key>sourceTree</key><string>SOURCE_ROOT</string></dict><key>000000000000000000000013</key><dict><key>isa</key><string>PBXFileReference</string><key>name</key><string>clock.c</string><key>path</key><string>../../../contiki/platform/brtos/cpu/clock.c</string><key>sourceTree</key><string>SOURCE_ROOT</string></dict><key>000000000000000000000014</key><dict><key>isa</key><string>PBXFileReference</string><key>name</key><string>compower.c</string><key>path</key><string>../../../contiki/core/sys/compower.c</string><key>sourceTree</key><string>SOURCE_ROOT</string></dict><key>000000000000000000000015</key><dict><key>isa</key><string>PBXFileReference</string><key>name</key><string>contiki-main.c</string><key>path</key><string>../../../contiki/platform/brtos/contiki-main.c</string><key>sourceTree</key><string>SOURCE_ROOT</string></dict><key>000000000000000000000016</key><dict><key>isa</key><string>PBXFileReference</string><key>name</key><string>contikimac-framer.c</string><key>path</key><string>../../../contiki/core/net/mac/contikimac/contikimac-framer.c</string><key>sourceTree</key><string>SOURCE_ROOT</string></dict><key>000000000000000000000017</key><dict><key>isa</key><string>PBXFileReference</string><key>name</key><string>contikimac.c</string><key>path</key><string>../../../contiki/core/net/mac/contikimac/contikimac.c</string><key>sourceTree</key><string>SOURCE_ROOT</string></dict><key>000000000000000000000018</key><dict><key>isa</key><string>PBXFileReference</string><key>name</key><string>cpu.c</string><key>path</key><string>../Drivers/CPU/cpu.c</string><key>sourceTree</key><string>SOURCE_ROOT</string></dict><key>000000000000000000000019</key><dict><key>isa</key><string>PBXFileReference</string><key>name</key><string>crc16.c</string><key>path</key><string>../../../contiki/core/lib/crc16.c</string><key>sourceTree</key><string>SOURCE_ROOT</string></dict><key>00000000000000000000001a</key><dict><key>isa</key><string>PBXFileReference</string><key>name</key><string>csma.c</string><key>path</key><string>../../../contiki/core/net/mac/csma.c</string><key>sourceTree</key><string>SOURCE_ROOT</string></dict><key>00000000000000000000001b</key><dict><key>isa</key><string>PBXFileReference</string><key>name</key><string>ctimer.c</string><key>path</key><string>../../../contiki/core/sys/ctimer.c</string><key>sourceTree</key><string>SOURCE_ROOT</string></dict><key>00000000000000000000001c</key><dict><key>isa</key><string>PBXFileReference</string><key>name</key><string>cxmac.c</string><key>path</key><string>../../../contiki/core/net/mac/cxmac/cxmac.c</string><key>sourceTree</key><string>SOURCE_ROOT</string></dict><key>00000000000000000000001d</key><dict><key>isa</key><string>PBXFileReference</string><key>name</key><string>dhcpc.c</string><key>path</key><string>../../../contiki/core/net/ip/dhcpc.c</string><key>sourceTree</key><string>SOURCE_ROOT</string></dict><key>00000000000000000000001e</key><dict><key>isa</key><string>PBXFileReference</string><key>name</key><string>energest.c</string><key>path</key><string>../../../contiki/core/sys/energest.c</string><key>sourceTree</key><string>SOURCE_ROOT</string></dict><key>00000000000000000000001f</key><dict><key>isa</key><string>PBXFileReference</string><key>name</key><string>etimer.c</string><key>path</key><string>../../../contiki/core/sys/etimer.c</string><key>sourceTree</key><string>SOURCE_ROOT</string></dict><key>000000000000000000000020</key><dict><key>isa</key><string>PBXFileReference</string><key>name</key><string>frame802154.c</string><key>path</key><string>../../../contiki/core/net/mac/frame802154.c</string><key>sourceTree</key><string>SOURCE_ROOT</string></dict><key>000000000000000000000021</key><dict><key>isa</key><string>PBXFileReference</string><key>name</key><string>framer-802154.c</string><key>path</key><string>../../../contiki/core/net/mac/framer-802154.c</string><key>sourceTree</key><string>SOURCE_ROOT</string></dict><key>000000000000000000000022</key><dict><key>isa</key><string>PBXFileReference</string><key>name</key><string>framer-nullmac.c</string><key>path</key><string>../../../contiki/core/net/mac/framer-nullmac.c</string><key>sourceTree</key><string>SOURCE_ROOT</string></dict><key>000000000000000000000023</key><dict><key>isa</key><string>PBXFileReference</string><key>name</key><string>framer.c</string><key>path</key><string>../../../contiki/core/net/mac/framer.c</string><key>sourceTree</key><string>SOURCE_ROOT</string></dict><key>000000000000000000000024</key><dict><key>isa</key><string>PBXFileReference</string><key>name</key><string>gcr.c</string><key>path</key><string>../../../contiki/core/lib/gcr.c</string><key>sourceTree</key><string>SOURCE_ROOT</string></dict><key>000000000000000000000025</key><dict><key>isa</key><string>PBXFileReference</string><key>name</key><string>httpd-simple.c</string><key>path</key><string>../../../contiki/examples/rpl-border-router/httpd-simple.c</string><key>sourceTree</key><string>SOURCE_ROOT</string></dict><key>000000000000000000000026</key><dict><key>isa</key><string>PBXFileReference</string><key>name</key><string>ifft.c</string><key>path</key><string>../../../contiki/core/lib/ifft.c</string><key>sourceTree</key><string>SOURCE_ROOT</string></dict><key>000000000000000000000027</key><dict><key>isa</key><string>PBXFileReference</string><key>name</key><string>init-net.c</string><key>path</key><string>../../../contiki/platform/brtos/init-net.c</string><key>sourceTree</key><string>SOURCE_ROOT</string></dict><key>000000000000000000000028</key><dict><key>isa</key><string>PBXFileReference</string><key>name</key><string>ip64-addr.c</string><key>path</key><string>../../../contiki/core/net/ip/ip64-addr.c</string><key>sourceTree</key><string>SOURCE_ROOT</string></dict><key>000000000000000000000029</key><dict><key>isa</key><string>PBXFileReference</string><key>name</key><string>leds-arch.c</string><key>path</key><string>../../../contiki/platform/brtos/cpu/leds-arch.c</string><key>sourceTree</key><string>SOURCE_ROOT</string></dict><key>00000000000000000000002a</key><dict><key>isa</key><string>PBXFileReference</string><key>name</key><string>leds.c</string><key>path</key><string>../../../contiki/core/dev/leds.c</string><key>sourceTree</key><string>SOURCE_ROOT</string></dict><key>00000000000000000000002b</key><dict><key>isa</key><string>PBXFileReference</string><key>name</key><string>linkaddr.c</string><key>path</key><string>../../../contiki/core/net/linkaddr.c</string><key>sourceTree</key><string>SOURCE_ROOT</string></dict><key>00000000000000000000002c</key><dict><key>isa</key><string>PBXFileReference</string><key>name</key><string>list.c</string><key>path</key><string>../../../contiki/core/lib/list.c</string><key>sourceTree</key><string>SOURCE_ROOT</string></dict><key>00000000000000000000002d</key><dict><key>isa</key><string>PBXFileReference</string><key>name</key><string>mac-sequence.c</string><key>path</key><string>../../../contiki/core/net/mac/mac-sequence.c</string><key>sourceTree</key><string>SOURCE_ROOT</string></dict><key>00000000000000000000002e</key><dict><key>isa</key><string>PBXFileReference</string><key>name</key><string>mac.c</string><key>path</key><string>../../../contiki/core/net/mac/mac.c</string><key>sourceTree</key><string>SOURCE_ROOT</string></dict><key>00000000000000000000002f</key><dict><key>isa</key><string>PBXFileReference</string><key>name</key><string>main.c</string><key>path</key><string>../main.c</string><key>sourceTree</key><string>SOURCE_ROOT</string></dict><key>000000000000000000000030</key><dict><key>isa</key><string>PBXFileReference</string><key>name</key><string>main_app.c</string><key>path</key><string>../../../app/main_app.c</string><key>sourceTree</key><string>SOURCE_ROOT</string></dict><key>000000000000000000000031</key><dict><key>isa</key><string>PBXFileReference</string><key>name</key><string>mbox.c</string><key>path</key><string>../../../brtos/mbox.c</string><key>sourceTree</key><string>SOURCE_ROOT</string></dict><key>000000000000000000000032</key><dict><key>isa</key><string>PBXFileReference</string><key>name</key><string>me.c</string><key>path</key><string>../../../contiki/core/lib/me.c</string><key>sourceTree</key><string>SOURCE_ROOT</string></dict><key>000000000000000000000033</key><dict><key>isa</key><string>PBXFileReference</string><key>name</key><string>me_tabs.c</string><key>path</key><string>../../../contiki/core/lib/me_tabs.c</string><key>sourceTree</key><string>SOURCE_ROOT</string></dict><key>000000000000000000000034</key><dict><key>isa</key><string>PBXFileReference</string><key>name</key><string>memb.c</string><key>path</key><string>../../../contiki/core/lib/memb.c</string><key>sourceTree</key><string>SOURCE_ROOT</string></dict><key>000000000000000000000035</key><dict><key>isa</key><string>PBXFileReference</string><key>name</key><string>mmem.c</string><key>path</key><string>../../../contiki/core/lib/mmem.c</string><key>sourceTree</key><string>SOURCE_ROOT</string></dict><key>000000000000000000000036</key><dict><key>isa</key><string>PBXFileReference</string><key>name</key><string>mrf24j40.c</string><key>path</key><string>../../../contiki/platform/mrf24j40/mrf24j40.c</string><key>sourceTree</key><string>SOURCE_ROOT</string></dict><key>000000000000000000000037</key><dict><key>isa</key><string>PBXFileReference</string><key>name</key><string>mt.c</string><key>path</key><string>../../../contiki/core/sys/mt.c</string><key>sourceTree</key><string>SOURCE_ROOT</string></dict><key>000000000000000000000038</key><dict><key>isa</key><string>PBXFileReference</string><key>name</key><string>mtarch.c</string><key>path</key><string>../../../contiki/platform/brtos/cpu/mtarch.c</string><key>sourceTree</key><string>SOURCE_ROOT</string></dict><key>000000000000000000000039</key><dict><key>isa</key><string>PBXFileReference</string><key>name</key><string>mutex.c</string><key>path</key><string>../../../brtos/mutex.c</string><key>sourceTree</key><string>SOURCE_ROOT</string></dict><key>00000000000000000000003a</key><dict><key>isa</key><string>PBXFileReference</string><key>name</key><string>nbr-table.c</string><key>path</key><string>../../../contiki/core/net/nbr-table.c</string><key>sourceTree</key><string>SOURCE_ROOT</string></dict><key>00000000000000000000003b</key><dict><key>isa</key><string>PBXFileReference</string><key>name</key><string>netstack.c</string><key>path</key><string>../../../contiki/core/net/netstack.c</string><key>sourceTree</key><string>SOURCE_ROOT</string></dict><key>00000000000000000000003c</key><dict><key>isa</key><string>PBXFileReference</string><key>name</key><string>noncoresec.c</string><key>path</key><string>../../../contiki/core/net/llsec/noncoresec/noncoresec.c</string><key>sourceTree</key><string>SOURCE_ROOT</string></dict><key>00000000000000000000003d</key><dict><key>isa</key><string>PBXFileReference</string><key>name</key><string>nullmac.c</string><key>path</key><string>../../../contiki/core/net/mac/nullmac.c</string><key>sourceTree</key><string>SOURCE_ROOT</string></dict><key>00000000000000000000003e</key><dict><key>isa</key><string>PBXFileReference</string><key>name</key><string>nullradio.c</string><key>path</key><string>../../../contiki/core/dev/nullradio.c</string><key>sourceTree</key><string>SOURCE_ROOT</string></dict><key>00000000000000000000003f</key><dict><key>isa</key><string>PBXFileReference</string><key>name</key><string>nullrdc-noframer.c</string><key>path</key><string>../../../contiki/core/net/mac/nullrdc-noframer.c</string><key>sourceTree</key><string>SOURCE_ROOT</string></dict><key>000000000000000000000040</key><dict><key>isa</key><string>PBXFileReference</string><key>name</key><string>nullrdc.c</string><key>path</key><string>../../../contiki/core/net/mac/nullrdc.c</string><key>sourceTree</key><string>SOURCE_ROOT</string></dict><key>000000000000000000000041</key><dict><key>isa</key><string>PBXFileReference</string><key>name</key><string>nullsec.c</string><key>path</key><string>../../../contiki/core/net/llsec/nullsec.c</string><key>sourceTree</key><string>SOURCE_ROOT</string></dict><key>000000000000000000000042</key><dict><key>isa</key><string>PBXFileReference</string><key>name</key><string>packetbuf.c</string><key>path</key><string>../../../contiki/core/net/packetbuf.c</string><key>sourceTree</key><string>SOURCE_ROOT</string></dict><key>000000000000000000000043</key><dict><key>isa</key><string>PBXFileReference</string><key>name</key><string>petsciiconv.c</string><key>path</key><string>../../../contiki/core/lib/petsciiconv.c</string><key>sourceTree</key><string>SOURCE_ROOT</string></dict><key>000000000000000000000044</key><dict><key>isa</key><string>PBXFileReference</string><key>name</key><string>phase.c</string><key>path</key><string>../../../contiki/core/net/mac/phase.c</string><key>sourceTree</key><string>SOURCE_ROOT</string></dict><key>000000000000000000000045</key><dict><key>isa</key><string>PBXFileReference</string><key>name</key><string>print-stats.c</string><key>path</key><string>../../../contiki/core/lib/print-stats.c</string><key>sourceTree</key><string>SOURCE_ROOT</string></dict><key>000000000000000000000046</key><dict><key>isa</key><string>PBXFileReference</string><key>name</key><string>printf_lib.c</string><key>path</key><string>../../../libs/printf_lib.c</string><key>sourceTree</key><string>SOURCE_ROOT</string></dict><key>000000000000000000000047</key><dict><key>isa</key><string>PBXFileReference</string><key>name</key><string>process.c</string><key>path</key><string>../../../contiki/core/sys/process.c</string><key>sourceTree</key><string>SOURCE_ROOT</string></dict><key>000000000000000000000048</key><dict><key>isa</key><string>PBXFileReference</string><key>name</key><string>procinit.c</string><key>path</key><string>../../../contiki/core/sys/procinit.c</string><key>sourceTree</key><string>SOURCE_ROOT</string></dict><key>000000000000000000000049</key><dict><key>isa</key><string>PBXFileReference</string><key>name</key><string>psock.c</string><key>path</key><string>../../../contiki/core/net/ip/psock.c</string><key>sourceTree</key><string>SOURCE_ROOT</string></dict><key>00000000000000000000004a</key><dict><key>isa</key><string>PBXFileReference</string><key>name</key><string>queue.c</string><key>path</key><string>../../../brtos/queue.c</string><key>sourceTree</key><string>SOURCE_ROOT</string></dict><key>00000000000000000000004b</key><dict><key>isa</key><string>PBXFileReference</string><key>name</key><string>queuebuf.c</string><key>path</key><string>../../../contiki/core/net/queuebuf.c</string><key>sourceTree</key><string>SOURCE_ROOT</string></dict><key>00000000000000000000004c</key><dict><key>isa</key><string>PBXFileReference</string><key>name</key><string>random.c</string><key>path</key><string>../../../contiki/core/lib/random.c</string><key>sourceTree</key><string>SOURCE_ROOT</string></dict><key>00000000000000000000004d</key><dict><key>isa</key><string>PBXFileReference</string><key>name</key><string>resolv.c</string><key>path</key><string>../../../contiki/core/net/ip/resolv.c</string><key>sourceTree</key><string>SOURCE_ROOT</string></dict><key>00000000000000000000004e</key><dict><key>isa</key><string>PBXFileReference</string><key>name</key><string>ringbuf.c</string><key>path</key><string>../../../contiki/core/lib/ringbuf.c</string><key>sourceTree</key><string>SOURCE_ROOT</string></dict><key>00000000000000000000004f</key><dict><key>isa</key><string>PBXFileReference</string><key>name</key><string>roll-tm.c</string><key>path</key><string>../../../contiki/core/net/ipv6/multicast/roll-tm.c</string><key>sourceTree</key><string>SOURCE_ROOT</string></dict><key>000000000000000000000050</key><dict><key>isa</key><string>PBXFileReference</string><key>name</key><string>rpl-dag-root.c</string><key>path</key><string>../../../contiki/core/net/rpl/rpl-dag-root.c</string><key>sourceTree</key><string>SOURCE_ROOT</string></dict><key>000000000000000000000051</key><dict><key>isa</key><string>PBXFileReference</string><key>name</key><string>rpl-dag.c</string><key>path</key><string>../../../contiki/core/net/rpl/rpl-dag.c</string><key>sourceTree</key><string>SOURCE_ROOT</string></dict><key>000000000000000000000052</key><dict><key>isa</key><string>PBXFileReference</string><key>name</key><string>rpl-ext-header.c</string><key>path</key><string>../../../contiki/core/net/rpl/rpl-ext-header.c</string><key>sourceTree</key><string>SOURCE_ROOT</string></dict><key>000000000000000000000053</key><dict><key>isa</key><string>PBXFileReference</string><key>name</key><string>rpl-icmp6.c</string><key>path</key><string>../../../contiki/core/net/rpl/rpl-icmp6.c</string><key>sourceTree</key><string>SOURCE_ROOT</string></dict><key>000000000000000000000054</key><dict><key>isa</key><string>PBXFileReference</string><key>name</key><string>rpl-mrhof.c</string><key>path</key><string>../../../contiki/core/net/rpl/rpl-mrhof.c</string><key>sourceTree</key><string>SOURCE_ROOT</string></dict><key>000000000000000000000055</key><dict><key>isa</key><string>PBXFileReference</string><key>name</key><string>rpl-of0.c</string><key>path</key><string>../../../contiki/core/net/rpl/rpl-of0.c</string><key>sourceTree</key><string>SOURCE_ROOT</string></dict><key>000000000000000000000056</key><dict><key>isa</key><string>PBXFileReference</string><key>name</key><string>rpl-timers.c</string><key>path</key><string>../../../contiki/core/net/rpl/rpl-timers.c</string><key>sourceTree</key><string>SOURCE_ROOT</string></dict><key>000000000000000000000057</key><dict><key>isa</key><string>PBXFileReference</string><key>name</key><string>rpl.c</string><key>path</key><string>../../../contiki/core/net/rpl/rpl.c</string><key>sourceTree</key><string>SOURCE_ROOT</string></dict><key>000000000000000000000058</key><dict><key>isa</key><string>PBXFileReference</string><key>name</key><string>rtimer-arch.c</string><key>path</key><string>../../../contiki/platform/brtos/cpu/rtimer-arch.c</string><key>sourceTree</key><string>SOURCE_ROOT</string></dict><key>000000000000000000000059</key><dict><key>isa</key><string>PBXFileReference</string><key>name</key><string>rtimer.c</string><key>path</key><string>../../../contiki/core/sys/rtimer.c</string><key>sourceTree</key><string>SOURCE_ROOT</string></dict><key>00000000000000000000005a</key><dict><key>isa</key><string>PBXFileReference</string><key>name</key><string>semaphore.c</string><key>path</key><string>../../../brtos/semaphore.c</string><key>sourceTree</key><string>SOURCE_ROOT</string></dict><key>00000000000000000000005b</key><dict><key>isa</key><string>PBXFileReference</string><key>name</key><string>sensors.c</string><key>path</key><string>../../../contiki/core/lib/sensors.c</string><key>sourceTree</key><string>SOURCE_ROOT</string></dict><key>00000000000000000000005c</key><dict><key>isa</key><string>PBXFileReference</string><key>name</key><string>serial-line.c</string><key>path</key><string>../../../contiki/core/dev/serial-line.c</string><key>sourceTree</key><string>SOURCE_ROOT</string></dict><key>00000000000000000000005d</key><dict><key>isa</key><string>PBXFileReference</string><key>name</key><string>settings.c</string><key>path</key><string>../../../contiki/core/lib/settings.c</string><key>sourceTree</key><string>SOURCE_ROOT</string></dict><key>00000000000000000000005e</key><dict><key>isa</key><string>PBXFileReference</string><key>name</key><string>sicslowmac.c</string><key>path</key><string>../../../contiki/core/net/mac/sicslowmac/sicslowmac.c</string><key>sourceTree</key><string>SOURCE_ROOT</string></dict><key>00000000000000000000005f</key><dict><key>isa</key><string>PBXFileReference</string><key>name</key><string>sicslowpan.c</string><key>path</key><string>../../../contiki/core/net/ipv6/sicslowpan.c</string><key>sourceTree</key><string>SOURCE_ROOT</string></dict><key>000000000000000000000060</key><dict><key>isa</key><string>PBXFileReference</string><key>name</key><string>simple-udp.c</string><key>path</key><string>../../../contiki/core/net/ip/simple-udp.c</string><key>sourceTree</key><string>SOURCE_ROOT</string></dict><key>000000000000000000000061</key><dict><key>isa</key><string>PBXFileReference</string><key>name</key><string>slip-arch.c</string><key>path</key><string>../../../contiki/platform/brtos/cpu/slip-arch.c</string><key>sourceTree</key><string>SOURCE_ROOT</string></dict><key>000000000000000000000062</key><dict><key>isa</key><string>PBXFileReference</string><key>name</key><string>slip-bridge.c</string><key>path</key><string>../../../contiki/examples/rpl-border-router/slip-bridge.c</string><key>sourceTree</key><string>SOURCE_ROOT</string></dict><key>000000000000000000000063</key><dict><key>isa</key><string>PBXFileReference</string><key>name</key><string>slip.c</string><key>path</key><string>../../../contiki/core/dev/slip.c</string><key>sourceTree</key><string>SOURCE_ROOT</string></dict><key>000000000000000000000064</key><dict><key>isa</key><string>PBXFileReference</string><key>name</key><string>slipdev.c</string><key>path</key><string>../../../contiki/core/net/ip/slipdev.c</string><key>sourceTree</key><string>SOURCE_ROOT</string></dict><key>000000000000000000000065</key><dict><key>isa</key><string>PBXFileReference</string><key>name</key><string>smrf.c</string><key>path</key><string>../../../contiki/core/net/ipv6/multicast/smrf.c</string><key>sourceTree</key><string>SOURCE_ROOT</string></dict><key>000000000000000000000066</key><dict><key>isa</key><string>PBXFileReference</string><key>name</key><string>spi_cox.c</string><key>path</key><string>../Drivers/SPI/spi_cox.c</string><key>sourceTree</key><string>SOURCE_ROOT</string></dict><key>000000000000000000000067</key><dict><key>isa</key><string>PBXFileReference</string><key>name</key><string>startup_coide.c</string><key>path</key><string>../startup_coide.c</string><key>sourceTree</key><string>SOURCE_ROOT</string></dict><key>000000000000000000000068</key><dict><key>isa</key><string>PBXFileReference</string><key>name</key><string>stimer.c</string><key>path</key><string>../../../contiki/core/sys/stimer.c</string><key>sourceTree</key><string>SOURCE_ROOT</string></dict><key>000000000000000000000069</key><dict><key>isa</key><string>PBXFileReference</string><key>name</key><string>strncasecmp.c</string><key>path</key><string>../../../contiki/core/lib/strncasecmp/strncasecmp.c</string><key>sourceTree</key><string>SOURCE_ROOT</string></dict><key>00000000000000000000006a</key><dict><key>isa</key><string>PBXFileReference</string><key>name</key><string>syscalls.c</string><key>path</key><string>../syscalls/syscalls.c</string><key>sourceTree</key><string>SOURCE_ROOT</string></dict><key>00000000000000000000006b</key><dict><key>isa</key><string>PBXFileReference</string><key>name</key><string>system.c</string><key>path</key><string>../Drivers/system.c</string><key>sourceTree</key><string>SOURCE_ROOT</string></dict><key>00000000000000000000006c</key><dict><key>isa</key><string>PBXFileReference</string><key>name</key><string>tasks.c</string><key>path</key><string>../tasks.c</string><key>sourceTree</key><string>SOURCE_ROOT</string></dict><key>00000000000000000000006d</key><dict><key>isa</key><string>PBXFileReference</string><key>name</key><string>tcp-socket.c</string><key>path</key><string>../../../contiki/core/net/ip/tcp-socket.c</string><key>sourceTree</key><string>SOURCE_ROOT</string></dict><key>00000000000000000000006e</key><dict><key>isa</key><string>PBXFileReference</string><key>name</key><string>tcpip.c</string><key>path</key><string>../../../contiki/core/net/ip/tcpip.c</string><key>sourceTree</key><string>SOURCE_ROOT</string></dict><key>00000000000000000000006f</key><dict><key>isa</key><string>PBXFileReference</string><key>name</key><string>timer.c</string><key>path</key><string>../../../contiki/core/sys/timer.c</string><key>sourceTree</key><string>SOURCE_ROOT</string></dict><key>000000000000000000000070</key><dict><key>isa</key><string>PBXFileReference</string><key>name</key><string>timers.c</string><key>path</key><string>../../../brtos/timers.c</string><key>sourceTree</key><string>SOURCE_ROOT</string></dict><key>000000000000000000000071</key><dict><key>isa</key><string>PBXFileReference</string><key>name</key><string>trickle-timer.c</string><key>path</key><string>../../../contiki/core/lib/trickle-timer.c</string><key>sourceTree</key><string>SOURCE_ROOT</string></dict><key>000000000000000000000072</key><dict><key>isa</key><string>PBXFileReference</string><key>name</key><string>udp-socket.c</string><key>path</key><string>../../../contiki/core/net/ip/udp-socket.c</string><key>sourceTree</key><string>SOURCE_ROOT</string></dict><key>000000000000000000000073</key><dict><key>isa</key><string>PBXFileReference</string><key>name</key><string>uip-debug.c</string><key>path</key><string>../../../contiki/core/net/ip/uip-debug.c</string><key>sourceTree</key><string>SOURCE_ROOT</string></dict><key>000000000000000000000074</key><dict><key>isa</key><string>PBXFileReference</string><key>name</key><string>uip-ds6-nbr.c</string><key>path</key><string>../../../contiki/core/net/ipv6/uip-ds6-nbr.c</string><key>sourceTree</key><string>SOURCE_ROOT</string></dict><key>000000000000000000000075</key><dict><key>isa</key><string>PBXFileReference</string><key>name</key><string>uip-ds6-route.c</string><key>path</key><string>../../../contiki/core/net/ipv6/uip-ds6-route.c</string><key>sourceTree</key><string>SOURCE_ROOT</string></dict><key>000000000000000000000076</key><dict><key>isa</key><string>PBXFileReference</string><key>name</key><string>uip-ds6.c</string><key>path</key><string>../../../contiki/core/net/ipv6/uip-ds6.c</string><key>sourceTree</key><string>SOURCE_ROOT</string></dict><key>000000000000000000000077</key><dict><key>isa</key><string>PBXFileReference</string><key>name</key><string>uip-icmp6.c</string><key>path</key><string>../../../contiki/core/net/ipv6/uip-icmp6.c</string><key>sourceTree</key><string>SOURCE_ROOT</string></dict><key>000000000000000000000078</key><dict><key>isa</key><string>PBXFileReference</string><key>name</key><string>uip-mcast6-route.c</string><key>path</key><string>../../../contiki/core/net/ipv6/multicast/uip-mcast6-route.c</string><key>sourceTree</key><string>SOURCE_ROOT</string></dict><key>000000000000000000000079</key><dict><key>isa</key><string>PBXFileReference</string><key>name</key><string>uip-mcast6-stats.c</string><key>path</key><string>../../../contiki/core/net/ipv6/multicast/uip-mcast6-stats.c</string><key>sourceTree</key><string>SOURCE_ROOT</string></dict><key>00000000000000000000007a</key><dict><key>isa</key><string>PBXFileReference</string><key>name</key><string>uip-nameserver.c</string><key>path</key><string>../../../contiki/core/net/ip/uip-nameserver.c</string><key>sourceTree</key><string>SOURCE_ROOT</string></dict><key>00000000000000000000007b</key><dict><key>isa</key><string>PBXFileReference</string><key>name</key><string>uip-nd6.c</string><key>path</key><string>../../../contiki/core/net/ipv6/uip-nd6.c</string><key>sourceTree</key><string>SOURCE_ROOT</string></dict><key>00000000000000000000007c</key><dict><key>isa</key><string>PBXFileReference</string><key>name</key><string>uip-packetqueue.c</string><key>path</key><string>../../../contiki/core/net/ip/uip-packetqueue.c</string><key>sourceTree</key><string>SOURCE_ROOT</string></dict><key>00000000000000000000007d</key><dict><key>isa</key><string>PBXFileReference</string><key>name</key><string>uip-split.c</string><key>path</key><string>../../../contiki/core/net/ip/uip-split.c</string><key>sourceTree</key><string>SOURCE_ROOT</string></dict><key>00000000000000000000007e</key><dict><key>isa</key><string>PBXFileReference</string><key>name</key><string>uip-udp-packet.c</string><key>path</key><string>../../../contiki/core/net/ip/uip-udp-packet.c</string><key>sourceTree</key><string>SOURCE_ROOT</string></dict><key>00000000000000000000007f</key><dict><key>isa</key><string>PBXFileReference</string><key>name</key><string>uip6.c</string><key>path</key><string>../../../contiki/core/net/ipv6/uip6.c</string><key>sourceTree</key><string>SOURCE_ROOT</string></dict><key>000000000000000000000080</key><dict><key>isa</key><string>PBXFileReference</string><key>name</key><string>uiplib.c</string><key>path</key><string>../../../contiki/core/net/ip/uiplib.c</string><key>sourceTree</key><string>SOURCE_ROOT</string></dict><key>000000000000000000000081</key><dict><key>isa</key><string>PBXFileReference</string><key>name</key><string>utils.c</string><key>path</key><string>../Drivers/utils.c</string><key>sourceTree</key><string>SOURCE_ROOT</string></dict><key>000000000000000000000082</key><dict><key>isa</key><string>PBXFileReference</string><key>name</key><string>watchdog.c</string><key>path</key><string>../../../contiki/platform/brtos/cpu/watchdog.c</string><key>sourceTree</key><string>SOURCE_ROOT</string></dict><key>000000000000000000000083</key><dict><key>isa</key><string>PBXFileReference</string><key>name</key><string>xcore.c</string><key>path</key><string>../CoX/CoX_Peripheral/src/xcore.c</string><key>sourceTree</key><string>SOURCE_ROOT</string></dict><key>000000000000000000000084</key><dict><key>isa</key><string>PBXFileReference</string><key>name</key><string>xdebug.c</string><key>path</key><string>../CoX/CoX_Peripheral/src/xdebug.c</string><key>sourceTree</key><string>SOURCE_ROOT</string></dict><key>000000000000000000000085</key><dict><key>isa</key><string>PBXFileReference</string><key>name</key><string>xgpio.c</string><key>path</key><string>../CoX/CoX_Peripheral/src/xgpio.c</string><key>sourceTree</key><string>SOURCE_ROOT</string></dict><key>000000000000000000000086</key><dict><key>isa</key><string>PBXFileReference</string><key>name</key><string>xmem.c</string><key>path</key><string>../../../contiki/platform/brtos/cpu/xmem.c</string><key>sourceTree</key><string>SOURCE_ROOT</string></dict><key>000000000000000000000087</key><dict><key>isa</key><string>PBXFileReference</string><key>name</key><string>xsysctl.c</string><key>path</key><string>../CoX/CoX_Peripheral/src/xsysctl.c</string><key>sourceTree</key><string>SOURCE_ROOT</string></dict><key>000000000000000000000088</key><dict><key>isa</key><string>PBXFileReference</string><key>name</key><string>xuart.c</string><key>path</key><string>../CoX/CoX_Peripheral/src/xuart.c</string><key>sourceTree</key><string>SOURCE_ROOT</string></dict><key>000000000000000000000089</key><dict><key>isa</key><string>PBXFileReference</string><key>name</key><string>xwdt.c</string><key>path</key><string>../CoX/CoX_Peripheral/src/xwdt.c</string><key>sourceTree</key><string>SOURCE_ROOT</string></dict><key>00000000000000000000008a</key><dict><key>children</key><array><string>000000000000000000000000</string><string>000000000000000000000001</string><string>000000000000000000000002</string><string>000000000000000000000003</string><string>000000000000000000000004</string><string>000000000000000000000005</string><string>000000000000000000000006</string><string>000000000000000000000007</string><string>000000000000000000000008</string><string>000000000000000000000009</string><string>00000000000000000000000a</string><string>00000000000000000000000b</string><string>00000000000000000000000c</string><string>00000000000000000000000d</string><string>00000000000000000000000e</string><string>00000000000000000000000f</string><string>000000000000000000000010</string><string>000000000000000000000011</string><string>000000000000000000000012</string><string>000000000000000000000013</string><string>000000000000000000000014</string><string>000000000000000000000015</string><string>000000000000000000000016</string><string>000000000000000000000017</string><string>000000000000000000000018</string><string>000000000000000000000019</string><string>00000000000000000000001a</string><string>00000000000000000000001b</string><string>00000000000000000000001c</string><string>00000000000000000000001d</string><string>00000000000000000000001e</string><string>00000000000000000000001f</string><string>000000000000000000000020</string><string>000000000000000000000021</string><string>000000000000000000000022</string><string>000000000000000000000023</string><string>000000000000000000000024</string><string>000000000000000000000025</string><string>000000000000000000000026</string><string>000000000000000000000027</string><string>000000000000000000000028</string><string>000000000000000000000029</string><string>00000000000000000000002a</string><string>00000000000000000000002b</string><string>00000000000000000000002c</string><string>00000000000000000000002d</string><string>00000000000000000000002e</string><string>00000000000000000000002f</string><string>000000000000000000000030</string><string>000000000000000000000031</string><string>000000000000000000000032</string><string>000000000000000000000033</string><string>000000000000000000000034</string><string>000000000000000000000035</string><string>000000000000000000000036</string><string>000000000000000000000037</string><string>000000000000000000000038</string><string>000000000000000000000039</string><string>00000000000000000000003a</string><string>00000000000000000000003b</string><string>00000000000000000000003c</string><string>00000000000000000000003d</string><string>00000000000000000000003e</string><string>00000000000000000000003f</string><string>000000000000000000000040</string><string>000000000000000000000041</string><string>000000000000000000000042</string><string>000000000000000000000043</string><string>000000000000000000000044</string><string>000000000000000000000045</string><string>000000000000000000000046</string><string>000000000000000000000047</string><string>000000000000000000000048</string><string>000000000000000000000049</string><string>00000000000000000000004a</string><string>00000000000000000000004b</string><string>00000000000000000000004c</string><string>00000000000000000000004d</string><string>00000000000000000000004e</string><string>00000000000000000000004f</string><string>000000000000000000000050</string><string>000000000000000000000051</string><string>000000000000000000000052</string><string>000000000000000000000053</string><string>000000000000000000000054</string><string>000000000000000000000055</string><string>000000000000000000000056</string><string>000000000000000000000057</string><string>000000000000000000000058</string><string>000000000000000000000059</string><string>00000000000000000000005a</string><string>00000000000000000000005b</string><string>00000000000000000000005c</string><string>00000000000000000000005d</string><string>00000000000000000000005e</string><string>00000000000000000000005f</string><string>000000000000000000000060</string><string>000000000000000000000061</string><string>000000000000000000000062</string><string>000000000000000000000063</string><string>000000000000000000000064</string><string>000000000000000000000065</string><string>000000000000000000000066</string><string>000000000000000000000067</string><string>000000000000000000000068</string><string>000000000000000000000069</string><string>00000000000000000000006a</string><string>00000000000000000000006b</string><string>00000000000000000000006c</string><string>00000000000000000000006d</string><string>00000000000000000000006e</string><string>00000000000000000000006f</string><string>000000000000000000000070</string><string>000000000000000000000071</string><string>000000000000000000000072</string><string>000000000000000000000073</string><string>000000000000000000000074</string><string>000000000000000000000075</string><string>000000000000000000000076</string><string>000000000000000000000077</string><string>000000000000000000000078</string><string>000000000000000000000079</string><string>00000000000000000000007a</string><string>00000000000000000000007b</string><string>00000000000000000000007c</string><string>00000000000000000000007d</string><string>00000000000000000000007e</string><string>00000000000000000000007f</string><string>000000000000000000000080</string><string>000000000000000000000081</string><string>000000000000000000000082</string><string>000000000000000000000083</string><string>000000000000000000000084</string><string>000000000000000000000085</string><string>000000000000000000000086</string><string>000000000000000000000087</string><string>000000000000000000000088</string><string>000000000000000000000089</string></array><key>isa</key><string>PBXGroup</string><key>name</key><string>Source</string><key>sourceTree</key><string>&lt;source&gt;</string></dict><key>00000000000000000000008b</key><dict><key>explicitFileType</key><string>compiled.mach-o.executable</string><key>includeInIndex</key><string>0</string><key>isa</key><string>PBXFileReference</string><key>name</key><string>BRTOS_FRDM_KL25Z.elf</string><key>path</key><string>../../../BRTOS_FRDM_KL25Z/Debug/bin/BRTOS_FRDM_KL25Z.elf</string><key>sourceTree</key><string>BUILD_PRODUCTS_DIR</string></dict><key>00000000000000000000008c</key><dict><key>children</key><array><string>00000000000000000000008b</string></array><key>isa</key><string>PBXGroup</string><key>name</key><string>Products</string><key>sourceTree</key><string>&lt;source&gt;</string></dict><key>00000000000000000000008d</key><dict><key>children</key><array/><key>isa</key><string>PBXGroup</string><key>name</key><string>Documentation</string><key>sourceTree</key><string>&lt;source&gt;</string></dict><key>00000000000000000000008e</key><dict><key>children</key><array><string>00000000000000000000008a</string><string>00000000000000000000008d</string><string>00000000000000000000008c</string></array><key>isa</key><string>PBXGroup</string><key>name</key><string>BRTOS_FRDM_KL25Z.elf</string><key>sourceTree</key><string>&lt;source&gt;</string></dict><key>00000000000000000000008f</key><dict><key>buildSettings</key><dict><key>GCC_PREPROCESSOR_DEFINITIONS</key><array><string> NETSTACK_CONF_WITH_IPV6=1</string><string> UIP_IPH_LEN=40</string><string> UIP_FRAGH_LEN=8</string><string>MKL25Z128VLK4</string><string>MKL25Z128xxx4</string><string>$(inherited)</string></array><key>GCC_WARN_ABOUT_RETURN_TYPE</key><string>YES</string><key>GCC_WARN_UNUSED_VARIABLE</key><string>YES</string><key>HEADER_SEARCH_PATHS</key><array><string>../../../contiki/core/net/rpl</string><string>../../../contiki/platform/brtos/boards</string><string>../../../contiki/core/net/llsec/noncoresec</string><string>../../../libs</string><string>../../../hal</string><string>../../../contiki/platform/brtos</string><string>../CoX/CoX_Peripheral/inc</string><string>../../../contiki/core/net/mac</string><string>..</string><string>../../../contiki/core/net/ip</string><string>../Drivers/LPO</string><string>../../../..</string><string>../../../brtos</string><string>../Drivers/FLASH</string><string>../Drivers</string><string>../CONFIG</string><string>../../../contiki/core/dev</string><string>../../../contiki/core/cfs</string><string>../../../contiki/platform/mrf24j40</string><string>../../../contiki/core/net/ipv6/multicast</string><string>../../../contiki/core/lib</string><string>../../../contiki</string><string>../CoX/CoX_Peripheral</string><string>../../..</string><string>../../../contiki/core/net/mac/contikimac</string><string>../../../hal/GCC_CORTEX-M0</string><string>../..</string><string>../../../contiki/examples/rpl-border-router</string><string>../../../contiki/platform</string><string>../Drivers/MMA8451</string><string>../../../contiki/core/sys</string><string>../../../contiki/core/net/mac/cxmac</string><string>../../../contiki/core/net/llsec</string><string>../../../contiki/examples</string><string>../../../contiki/core</string><string>../../../brtos/includes</string><string>../Drivers/CPU</string><string>../Drivers/DAC</string><string>../../../contiki/core/net/mac/sicslowmac</string><string>../Drivers/SPI</string><string>../../../contiki/core/net/ipv6</string><string>../../../contiki/platform/brtos/cpu</string><string>../CoX</string><string>../../../contiki/core/net</string><string>${inherited)</string></array><key>LIBRARY_SEARCH_PATHS</key><array/><key>OTHER_LDFLAGS</key><array/><key>PREBINDING</key><string>NO</string><key>SDKROOT</key><string>/Developer/SDKs/MacOSX10.4u.sdk</string></dict><key>isa</key><string>XCBuildConfiguration</string><key>name</key><string>Debug</string></dict><key>000000000000000000000090</key><dict><key>buildSettings</key><dict><key>GCC_PREPROCESSOR_DEFINITIONS</key><array><string> NETSTACK_CONF_WITH_IPV6=1</string><string> UIP_IPH_LEN=40</string><string> UIP_FRAGH_LEN=8</string><string>MKL25Z128VLK4</string><string>MKL25Z128xxx4</string><string>$(inherited)</string></array><key>GCC_WARN_ABOUT_RETURN_TYPE</key><string>YES</string><key>GCC_WARN_UNUSED_VARIABLE</key><string>YES</string><key>HEADER_SEARCH_PATHS</key><array><string>../../../contiki/core/net/rpl</string><string>../../../contiki/platform/brtos/boards</string><string>../../../contiki/core/net/llsec/noncoresec</string><string>../../../libs</string><string>../../../hal</string><string>../../../contiki/platform/brtos</string><string>../CoX/CoX_Peripheral/inc</string><string>../../../contiki/core/net/mac</string><string>..</string><string>../../../contiki/core/net/ip</string><string>../Drivers/LPO</string><string>../../../..</string><string>../../../brtos</string><string>../Drivers/FLASH</string><string>../Drivers</string><string>../CONFIG</string><string>../../../contiki/core/dev</string><string>../../../contiki/core/cfs</string><string>../../../contiki/platform/mrf24j40</string><string>../../../contiki/core/net/ipv6/multicast</string><string>../../../contiki/core/lib</string><string>../../../contiki</string><string>../CoX/CoX_Peripheral</string><string>../../..</string><string>../../../contiki/core/net/mac/contikimac</string><string>../../../hal/GCC_CORTEX-M0</string><string>../..</string><string>../../../contiki/examples/rpl-border-router</string><string>../../../contiki/platform</string><string>../Drivers/MMA8451</string><string>../../../contiki/core/sys</string><string>../../../contiki/core/net/mac/cxmac</string><string>../../../contiki/core/net/llsec</string><string>../../../contiki/examples</string><string>../../../contiki/core</string><string>../../../brtos/includes</string><string>../Drivers/CPU</string><string>../Drivers/DAC</string><string>../../../contiki/core/net/mac/sicslowmac</string><string>../Drivers/SPI</string><string>../../../contiki/core/net/ipv6</string><string>../../../contiki/platform/brtos/cpu</string><string>../CoX</string><string>../../../contiki/core/net</string><string>${inherited)</string></array><key>LIBRARY_SEARCH_PATHS</key><array/><key>OTHER_LDFLAGS</key><array/><key>PREBINDING</key><string>NO</string><key>SDKROOT</key><string>/Developer/SDKs/MacOSX10.4u.sdk</string></dict><key>isa</key><string>XCBuildConfiguration</string><key>name</key><string>Release</string></dict><key>000000000000000000000091</key><dict><key>buildConfigurations</key><array><string>00000000000000000000008f</string><string>000000000000000000000090</string></array><key>defaultConfigurationIsVisible</key><string>0</string><key>defaultConfigurationName</key><string>Debug</string><key>isa</key><string>XCConfigurationList</string></dict><key>000000000000000000000092</key><dict><key>buildConfigurationList</key><string>000000000000000000000091</string><key>hasScannedForEncodings</key><string>0</string><key>isa</key><string>PBXProject</string><key>mainGroup</key><string>00000000000000000000008e</string><key>projectDirPath</key><string/><key>projectRoot</key><string>../../../../../../../../../../../CooCox/CoIDE/configuration/ProgramData/BRTOS_FRDM_KL25Z</string><key>targets</key><array><string>000000000000000000000123</string></array></dict><key>000000000000000000000093</key><dict><key>buildSettings</key><dict><key>COPY_PHASE_STRIP</key><string>NO</string><key>GCC_DYNAMIC_NO_PIC</key><string>NO</string><key>GCC_ENABLE_FIX_AND_CONTINUE</key><string>YES</string><key>GCC_MODEL_TUNING</key><string>G5</string><key>GCC_OPTIMIZATION_LEVEL</key><string>0</string><key>INSTALL_PATH</key><string>$(HOME)/bin</string><key>PRODUCT_NAME</key><string>BRTOS_FRDM_KL25Z.elf</string><key>ZERO_LINK</key><string>YES</string></dict><key>isa</key><string>XCBuildConfiguration</string><key>name</key><string>Debug</string></dict><key>000000000000000000000094</key><dict><key>buildSettings</key><dict><key>ARCHS</key><array><string>ppc</string><string>i386</string></array><key>GCC_GENERATE_DEBUGGING_SYMBOLS</key><string>NO</string><key>GCC_MODEL_TUNING</key><string>G5</string><key>INSTALL_PATH</key><string>$(HOME)/bin</string><key>PRODUCT_NAME</key><string>BRTOS_FRDM_KL25Z.elf</string></dict><key>isa</key><string>XCBuildConfiguration</string><key>name</key><string>Release</string></dict><key>000000000000000000000095</key><dict><key>buildConfigurations</key><array><string>000000000000000000000093</string><string>000000000000000000000094</string></array><key>isa</key><string>XCConfigurationList</string></dict><key>000000000000000000000096</key><dict><key>fileRef</key><string>000000000000000000000000</string><key>isa</key><string>PBXBuildFile</string><key>settings</key><dict><key>ATTRIBUTES</key><array/></dict></dict><key>000000000000000000000097</key><dict><key>fileRef</key><string>000000000000000000000001</string><key>isa</key><string>PBXBuildFile</string><key>settings</key><dict><key>ATTRIBUTES</key><array/></dict></dict><key>000000000000000000000098</key><dict><key>fileRef</key><string>000000000000000000000002</string><key>isa</key><string>PBXBuildFile</string><key>settings</key><dict><key>ATTRIBUTES</key><array/></dict></dict><key>000000000000000000000099</key><dict><key>fileRef</key><string>000000000000000000000003</string><key>isa</key><string>PBXBuildFile</string><key>settings</key><dict><key>ATTRIBUTES</key><array/></dict></dict><key>00000000000000000000009a</key><dict><key>fileRef</key><string>000000000000000000000004</string><key>isa</key><string>PBXBuildFile</string><key>settings</key><dict><key>ATTRIBUTES</key><array/></dict></dict><key>00000000000000000000009b</key><dict><key>fileRef</key><string>000000000000000000000005</string><key>isa</key><string>PBXBuildFile</string><key>settings</key><dict><key>ATTRIBUTES</key><array/></dict></dict><key>00000000000000000000009c</key><dict><key>fileRef</key><string>000000000000000000000006</string><key>isa</key><string>PBXBuildFile</string><key>settings</key><dict><key>ATTRIBUTES</key><array/></dict></dict><key>00000000000000000000009d</key><dict><key>fileRef</key><string>000000000000000000000007</string><key>isa</key><string>PBXBuildFile</string><key>settings</key><dict><key>ATTRIBUTES</key><array/></dict></dict><key>00000000000000000000009e</key><dict><key>fileRef</key><string>000000000000000000000008</string><key>isa</key><string>PBXBuildFile</string><key>settings</key><dict><key>ATTRIBUTES</key><array/></dict></dict><key>00000000000000000000009f</key><dict><key>fileRef</key><string>000000000000000000000009</string><key>isa</key><string>PBXBuildFile</string><key>settings</key><dict><key>ATTRIBUTES</key><array/></dict></dict><key>0000000000000000000000a0</key><dict><key>fileRef</key><string>00000000000000000000000a</string><key>isa</key><string>PBXBuildFile</string><key>settings</key><dict><key>ATTRIBUTES</key><array/></dict></dict><key>0000000000000000000000a1</key><dict><key>fileRef</key><string>00000000000000000000000b</string><key>isa</key><string>PBXBuildFile</string><key>settings</key><dict><key>ATTRIBUTES</key><array/></dict></dict><key>0000000000000000000000a2</key><dict><key>fileRef</key><string>00000000000000000000000c</string><key>isa</key><string>PBXBuildFile</string><key>settings</key><dict><key>ATTRIBUTES</key><array/></dict></dict><key>0000000000000000000000a3</key><dict><key>fileRef</key><string>00000000000000000000000d</string><key>isa</key><string>PBXBuildFile</string><key>settings</key><dict><key>ATTRIBUTES</key><array/></dict></dict><key>0000000000000000000000a4</key><dict><key>fileRef</key><string>00000000000000000000000e</string><key>isa</key><string>PBXBuildFile</string><key>settings</key><dict><key>ATTRIBUTES</key><array/></dict></dict><key>0000000000000000000000a5</key><dict><key>fileRef</key><string>00000000000000000000000f</string><key>isa</key><string>PBXBuildFile</string><key>settings</key><dict><key>ATTRIBUTES</key><array/></dict></dict><key>0000000000000000000000a6</key><dict><key>fileRef</key><string>000000000000000000000010</string><key>isa</key><string>PBXBuildFile</string><key>settings</key><dict><key>ATTRIBUTES</key><array/></dict></dict><key>0000000000000000000000a7</key><dict><key>fileRef</key><string>000000000000000000000011</string><key>isa</key><string>PBXBuildFile</string><key>settings</key><dict><key>ATTRIBUTES</key><array/></dict></dict><key>0000000000000000000000a8</key><dict><key>fileRef</key><string>000000000000000000000012</string><key>isa</key><string>PBXBuildFile</string><key>settings</key><dict><key>ATTRIBUTES</key><array/></dict></dict><key>0000000000000000000000a9</key><dict><key>fileRef</key><string>000000000000000000000013</string><key>isa</key><string>PBXBuildFile</string><key>settings</key><dict><key>ATTRIBUTES</key><array/></dict></dict><key>0000000000000000000000aa</key><dict><key>fileRef</key><string>000000000000000000000014</string><key>isa</key><string>PBXBuildFile</string><key>settings</key><dict><key>ATTRIBUTES</key><array/></dict></dict><key>0000000000000000000000ab</key><dict><key>fileRef</key><string>000000000000000000000015</string><key>isa</key><string>PBXBuildFile</string><key>settings</key><dict><key>ATTRIBUTES</key><array/></dict></dict><key>0000000000000000000000ac</key><dict><key>fileRef</key><string>000000000000000000000016</string><key>isa</key><string>PBXBuildFile</string><key>settings</key><dict><key>ATTRIBUTES</key><array/></dict></dict><key>0000000000000000000000ad</key><dict><key>fileRef</key><string>000000000000000000000017</string><key>isa</key><string>PBXBuildFile</string><key>settings</key><dict><key>ATTRIBUTES</key><array/></dict></dict><key>0000000000000000000000ae</key><dict><key>fileRef</key><string>000000000000000000000018</string><key>isa</key><string>PBXBuildFile</string><key>settings</key><dict><key>ATTRIBUTES</key><array/></dict></dict><key>0000000000000000000000af</key><dict><key>fileRef</key><string>000000000000000000000019</string><key>isa</key><string>PBXBuildFile</string><key>settings</key><dict><key>ATTRIBUTES</key><array/></dict></dict><key>0000000000000000000000b0</key><dict><key>fileRef</key><string>00000000000000000000001a</string><key>isa</key><string>PBXBuildFile</string><key>settings</key><dict><key>ATTRIBUTES</key><array/></dict></dict><key>0000000000000000000000b1</key><dict><key>fileRef</key><string>00000000000000000000001b</string><key>isa</key><string>PBXBuildFile</string><key>settings</key><dict><key>ATTRIBUTES</key><array/></dict></dict><key>0000000000000000000000b2</key><dict><key>fileRef</key><string>00000000000000000000001c</string><key>isa</key><string>PBXBuildFile</string><key>settings</key><dict><key>ATTRIBUTES</key><array/></dict></dict><key>0000000000000000000000b3</key><dict><key>fileRef</key><string>00000000000000000000001d</string><key>isa</key><string>PBXBuildFile</string><key>settings</key><dict><key>ATTRIBUTES</key><array/></dict></dict><key>0000000000000000000000b4</key><dict><key>fileRef</key><string>00000000000000000000001e</string><key>isa</key><string>PBXBuildFile</string><key>settings</key><dict><key>ATTRIBUTES</key><array/></dict></dict><key>0000000000000000000000b5</key><dict><key>fileRef</key><string>00000000000000000000001f</string><key>isa</key><string>PBXBuildFile</string><key>settings</key><dict><key>ATTRIBUTES</key><array/></dict></dict><key>0000000000000000000000b6</key><dict><key>fileRef</key><string>000000000000000000000020</string><key>isa</key><string>PBXBuildFile</string><key>settings</key><dict><key>ATTRIBUTES</key><array/></dict></dict><key>0000000000000000000000b7</key><dict><key>fileRef</key><string>000000000000000000000021</string><key>isa</key><string>PBXBuildFile</string><key>settings</key><dict><key>ATTRIBUTES</key><array/></dict></dict><key>0000000000000000000000b8</key><dict><key>fileRef</key><string>000000000000000000000022</string><key>isa</key><string>PBXBuildFile</string><key>settings</key><dict><key>ATTRIBUTES</key><array/></dict></dict><key>0000000000000000000000b9</key><dict><key>fileRef</key><string>000000000000000000000023</string><key>isa</key><string>PBXBuildFile</string><key>settings</key><dict><key>ATTRIBUTES</key><array/></dict></dict><key>0000000000000000000000ba</key><dict><key>fileRef</key><string>000000000000000000000024</string><key>isa</key><string>PBXBuildFile</string><key>settings</key><dict><key>ATTRIBUTES</key><array/></dict></dict><key>0000000000000000000000bb</key><dict><key>fileRef</key><string>000000000000000000000025</string><key>isa</key><string>PBXBuildFile</string><key>settings</key><dict><key>ATTRIBUTES</key><array/></dict></dict><key>0000000000000000000000bc</key><dict><key>fileRef</key><string>000000000000000000000026</string><key>isa</key><string>PBXBuildFile</string><key>settings</key><dict><key>ATTRIBUTES</key><array/></dict></dict><key>0000000000000000000000bd</key><dict><key>fileRef</key><string>000000000000000000000027</string><key>isa</key><string>PBXBuildFile</string><key>settings</key><dict><key>ATTRIBUTES</key><array/></dict></dict><key>0000000000000000000000be</key><dict><key>fileRef</key><string>000000000000000000000028</string><key>isa</key><string>PBXBuildFile</string><key>settings</key><dict><key>ATTRIBUTES</key><array/></dict></dict><key>0000000000000000000000bf</key><dict><key>fileRef</key><string>000000000000000000000029</string><key>isa</key><string>PBXBuildFile</string><key>settings</key><dict><key>ATTRIBUTES</key><array/></dict></dict><key>0000000000000000000000c0</key><dict><key>fileRef</key><string>00000000000000000000002a</string><key>isa</key><string>PBXBuildFile</string><key>settings</key><dict><key>ATTRIBUTES</key><array/></dict></dict><key>0000000000000000000000c1</key><dict><key>fileRef</key><string>00000000000000000000002b</string><key>isa</key><string>PBXBuildFile</string><key>settings</key><dict><key>ATTRIBUTES</key><array/></dict></dict><key>0000000000000000000000c2</key><dict><key>fileRef</key><string>00000000000000000000002c</string><key>isa</key><string>PBXBuildFile</string><key>settings</key><dict><key>ATTRIBUTES</key><array/></dict></dict><key>0000000000000000000000c3</key><dict><key>fileRef</key><string>00000000000000000000002d</string><key>isa</key><string>PBXBuildFile</string><key>settings</key><dict><key>ATTRIBUTES</key><array/></dict></dict><key>0000000000000000000000c4</key><dict><key>fileRef</key><string>00000000000000000000002e</string><key>isa</key><string>PBXBuildFile</string><key>settings</key><dict><key>ATTRIBUTES</key><array/></dict></dict><key>0000000000000000000000c5</key><dict><key>fileRef</key><string>00000000000000000000002f</string><key>isa</key><string>PBXBuildFile</string><key>settings</key><dict><key>ATTRIBUTES</key><array/></dict></dict><key>0000000000000000000000c6</key><dict><key>fileRef</key><string>000000000000000000000030</string><key>isa</key><string>PBXBuildFile</string><key>settings</key><dict><key>ATTRIBUTES</key><array/></dict></dict><key>0000000000000000000000c7</key><dict><key>fileRef</key><string>000000000000000000000031</string><key>isa</key><string>PBXBuildFile</string><key>settings</key><dict><key>ATTRIBUTES</key><array/></dict></dict><key>0000000000000000000000c8</key><dict><key>fileRef</key><string>000000000000000000000032</string><key>isa</key><string>PBXBuildFile</string><key>settings</key><dict><key>ATTRIBUTES</key><array/></dict></dict><key>0000000000000000000000c9</key><dict><key>fileRef</key><string>000000000000000000000033</string><key>isa</key><string>PBXBuildFile</string><key>settings</key><dict><key>ATTRIBUTES</key><array/></dict></dict><key>0000000000000000000000ca</key><dict><key>fileRef</key><string>000000000000000000000034</string><key>isa</key><string>PBXBuildFile</string><key>settings</key><dict><key>ATTRIBUTES</key><array/></dict></dict><key>0000000000000000000000cb</key><dict><key>fileRef</key><string>000000000000000000000035</string><key>isa</key><string>PBXBuildFile</string><key>settings</key><dict><key>ATTRIBUTES</key><array/></dict></dict><key>0000000000000000000000cc</key><dict><key>fileRef</key><string>000000000000000000000036</string><key>isa</key><string>PBXBuildFile</string><key>settings</key><dict><key>ATTRIBUTES</key><array/></dict></dict><key>0000000000000000000000cd</key><dict><key>fileRef</key><string>000000000000000000000037</string><key>isa</key><string>PBXBuildFile</string><key>settings</key><dict><key>ATTRIBUTES</key><array/></dict></dict><key>0000000000000000000000ce</key><dict><key>fileRef</key><string>000000000000000000000038</string><key>isa</key><string>PBXBuildFile</string><key>settings</key><dict><key>ATTRIBUTES</key><array/></dict></dict><key>0000000000000000000000cf</key><dict><key>fileRef</key><string>000000000000000000000039</string><key>isa</key><string>PBXBuildFile</string><key>settings</key><dict><key>ATTRIBUTES</key><array/></dict></dict><key>0000000000000000000000d0</key><dict><key>fileRef</key><string>00000000000000000000003a</string><key>isa</key><string>PBXBuildFile</string><key>settings</key><dict><key>ATTRIBUTES</key><array/></dict></dict><key>0000000000000000000000d1</key><dict><key>fileRef</key><string>00000000000000000000003b</string><key>isa</key><string>PBXBuildFile</string><key>settings</key><dict><key>ATTRIBUTES</key><array/></dict></dict><key>0000000000000000000000d2</key><dict><key>fileRef</key><string>00000000000000000000003c</string><key>isa</key><string>PBXBuildFile</string><key>settings</key><dict><key>ATTRIBUTES</key><array/></dict></dict><key>0000000000000000000000d3</key><dict><key>fileRef</key><string>00000000000000000000003d</string><key>isa</key><string>PBXBuildFile</string><key>settings</key><dict><key>ATTRIBUTES</key><array/></dict></dict><key>0000000000000000000000d4</key><dict><key>fileRef</key><string>00000000000000000000003e</string><key>isa</key><string>PBXBuildFile</string><key>settings</key><dict><key>ATTRIBUTES</key><array/></dict></dict><key>0000000000000000000000d5</key><dict><key>fileRef</key><string>00000000000000000000003f</string><key>isa</key><string>PBXBuildFile</string><key>settings</key><dict><key>ATTRIBUTES</key><array/></dict></dict><key>0000000000000000000000d6</key><dict><key>fileRef</key><string>000000000000000000000040</string><key>isa</key><string>PBXBuildFile</string><key>settings</key><dict><key>ATTRIBUTES</key><array/></dict></dict><key>0000000000000000000000d7</key><dict><key>fileRef</key><string>000000000000000000000041</string><key>isa</key><string>PBXBuildFile</string><key>settings</key><dict><key>ATTRIBUTES</key><array/></dict></dict><key>0000000000000000000000d8</key><dict><key>fileRef</key><string>000000000000000000000042</string><key>isa</key><string>PBXBuildFile</string><key>settings</key><dict><key>ATTRIBUTES</key><array/></dict></dict><key>0000000000000000000000d9</key><dict><key>fileRef</key><string>000000000000000000000043</string><key>isa</key><string>PBXBuildFile</string><key>settings</key><dict><key>ATTRIBUTES</key><array/></dict></dict><key>0000000000000000000000da</key><dict><key>fileRef</key><string>000000000000000000000044</string><key>isa</key><string>PBXBuildFile</string><key>settings</key><dict><key>ATTRIBUTES</key><array/></dict></dict><key>0000000000000000000000db</key><dict><key>fileRef</key><string>000000000000000000000045</string><key>isa</key><string>PBXBuildFile</string><key>settings</key><dict><key>ATTRIBUTES</key><array/></dict></dict><key>0000000000000000000000dc</key><dict><key>fileRef</key><string>000000000000000000000046</string><key>isa</key><string>PBXBuildFile</string><key>settings</key><dict><key>ATTRIBUTES</key><array/></dict></dict><key>0000000000000000000000dd</key><dict><key>fileRef</key><string>000000000000000000000047</string><key>isa</key><string>PBXBuildFile</string><key>settings</key><dict><key>ATTRIBUTES</key><array/></dict></dict><key>0000000000000000000000de</key><dict><key>fileRef</key><string>000000000000000000000048</string><key>isa</key><string>PBXBuildFile</string><key>settings</key><dict><key>ATTRIBUTES</key><array/></dict></dict><key>0000000000000000000000df</key><dict><key>fileRef</key><string>000000000000000000000049</string><key>isa</key><string>PBXBuildFile</string><key>settings</key><dict><key>ATTRIBUTES</key><array/></dict></dict><key>0000000000000000000000e0</key><dict><key>fileRef</key><string>00000000000000000000004a</string><key>isa</key><string>PBXBuildFile</string><key>settings</key><dict><key>ATTRIBUTES</key><array/></dict></dict><key>0000000000000000000000e1</key><dict><key>fileRef</key><string>00000000000000000000004b</string><key>isa</key><string>PBXBuildFile</string><key>settings</key><dict><key>ATTRIBUTES</key><array/></dict></dict><key>0000000000000000000000e2</key><dict><key>fileRef</key><string>00000000000000000000004c</string><key>isa</key><string>PBXBuildFile</string><key>settings</key><dict><key>ATTRIBUTES</key><array/></dict></dict><key>0000000000000000000000e3</key><dict><key>fileRef</key><string>00000000000000000000004d</string><key>isa</key><string>PBXBuildFile</string><key>settings</key><dict><key>ATTRIBUTES</key><array/></dict></dict><key>0000000000000000000000e4</key><dict><key>fileRef</key><string>00000000000000000000004e</string><key>isa</key><string>PBXBuildFile</string><key>settings</key><dict><key>ATTRIBUTES</key><array/></dict></dict><key>0000000000000000000000e5</key><dict><key>fileRef</key><string>00000000000000000000004f</string><key>isa</key><string>PBXBuildFile</string><key>settings</key><dict><key>ATTRIBUTES</key><array/></dict></dict><key>0000000000000000000000e6</key><dict><key>fileRef</key><string>000000000000000000000050</string><key>isa</key><string>PBXBuildFile</string><key>settings</key><dict><key>ATTRIBUTES</key><array/></dict></dict><key>0000000000000000000000e7</key><dict><key>fileRef</key><string>000000000000000000000051</string><key>isa</key><string>PBXBuildFile</string><key>settings</key><dict><key>ATTRIBUTES</key><array/></dict></dict><key>0000000000000000000000e8</key><dict><key>fileRef</key><string>000000000000000000000052</string><key>isa</key><string>PBXBuildFile</string><key>settings</key><dict><key>ATTRIBUTES</key><array/></dict></dict><key>0000000000000000000000e9</key><dict><key>fileRef</key><string>000000000000000000000053</string><key>isa</key><string>PBXBuildFile</string><key>settings</key><dict><key>ATTRIBUTES</key><array/></dict></dict><key>0000000000000000000000ea</key><dict><key>fileRef</key><string>000000000000000000000054</string><key>isa</key><string>PBXBuildFile</string><key>settings</key><dict><key>ATTRIBUTES</key><array/></dict></dict><key>0000000000000000000000eb</key><dict><key>fileRef</key><string>000000000000000000000055</string><key>isa</key><string>PBXBuildFile</string><key>settings</key><dict><key>ATTRIBUTES</key><array/></dict></dict><key>0000000000000000000000ec</key><dict><key>fileRef</key><string>000000000000000000000056</string><key>isa</key><string>PBXBuildFile</string><key>settings</key><dict><key>ATTRIBUTES</key><array/></dict></dict><key>0000000000000000000000ed</key><dict><key>fileRef</key><string>000000000000000000000057</string><key>isa</key><string>PBXBuildFile</string><key>settings</key><dict><key>ATTRIBUTES</key><array/></dict></dict><key>0000000000000000000000ee</key><dict><key>fileRef</key><string>000000000000000000000058</string><key>isa</key><string>PBXBuildFile</string><key>settings</key><dict><key>ATTRIBUTES</key><array/></dict></dict><key>0000000000000000000000ef</key><dict><key>fileRef</key><string>000000000000000000000059</string><key>isa</key><string>PBXBuildFile</string><key>settings</key><dict><key>ATTRIBUTES</key><array/></dict></dict><key>0000000000000000000000f0</key><dict><key>fileRef</key><string>00000000000000000000005a</string><key>isa</key><string>PBXBuildFile</string><key>settings</key><dict><key>ATTRIBUTES</key><array/></dict></dict><key>0000000000000000000000f1</key><dict><key>fileRef</key><string>00000000000000000000005b</string><key>isa</key><string>PBXBuildFile</string><key>settings</key><dict><key>ATTRIBUTES</key><array/></dict></dict><key>0000000000000000000000f2</key><dict><key>fileRef</key><string>00000000000000000000005c</string><key>isa</key><string>PBXBuildFile</string><key>settings</key><dict><key>ATTRIBUTES</key><array/></dict></dict><key>0000000000000000000000f3</key><dict><key>fileRef</key><string>00000000000000000000005d</string><key>isa</key><string>PBXBuildFile</string><key>settings</key><dict><key>ATTRIBUTES</key><array/></dict></dict><key>0000000000000000000000f4</key><dict><key>fileRef</key><string>00000000000000000000005e</string><key>isa</key><string>PBXBuildFile</string><key>settings</key><dict><key>ATTRIBUTES</key><array/></dict></dict><key>0000000000000000000000f5</key><dict><key>fileRef</key><string>00000000000000000000005f</string><key>isa</key><string>PBXBuildFile</string><key>settings</key><dict><key>ATTRIBUTES</key><array/></dict></dict><key>0000000000000000000000f6</key><dict><key>fileRef</key><string>000000000000000000000060</string><key>isa</key><string>PBXBuildFile</string><key>settings</key><dict><key>ATTRIBUTES</key><array/></dict></dict><key>0000000000000000000000f7</key><dict><key>fileRef</key><string>000000000000000000000061</string><key>isa</key><string>PBXBuildFile</string><key>settings</key><dict><key>ATTRIBUTES</key><array/></dict></dict><key>0000000000000000000000f8</key><dict><key>fileRef</key><string>000000000000000000000062</string><key>isa</key><string>PBXBuildFile</string><key>settings</key><dict><key>ATTRIBUTES</key><array/></dict></dict><key>0000000000000000000000f9</key><dict><key>fileRef</key><string>000000000000000000000063</string><key>isa</key><string>PBXBuildFile</string><key>settings</key><dict><key>ATTRIBUTES</key><array/></dict></dict><key>0000000000000000000000fa</key><dict><key>fileRef</key><string>000000000000000000000064</string><key>isa</key><string>PBXBuildFile</string><key>settings</key><dict><key>ATTRIBUTES</key><array/></dict></dict><key>0000000000000000000000fb</key><dict><key>fileRef</key><string>000000000000000000000065</string><key>isa</key><string>PBXBuildFile</string><key>settings</key><dict><key>ATTRIBUTES</key><array/></dict></dict><key>0000000000000000000000fc</key><dict><key>fileRef</key><string>000000000000000000000066</string><key>isa</key><string>PBXBuildFile</string><key>settings</key><dict><key>ATTRIBUTES</key><array/></dict></dict><key>0000000000000000000000fd</key><dict><key>fileRef</key><string>000000000000000000000067</string><key>isa</key><string>PBXBuildFile</string><key>settings</key><dict><key>ATTRIBUTES</key><array/></dict></dict><key>0000000000000000000000fe</key><dict><key>fileRef</key><string>000000000000000000000068</string><key>isa</key><string>PBXBuildFile</string><key>settings</key><dict><key>ATTRIBUTES</key><array/></dict></dict><key>0000000000000000000000ff</key><dict><key>fileRef</key><string>000000000000000000000069</string><key>isa</key><string>PBXBuildFile</string><key>settings</key><dict><key>ATTRIBUTES</key><array/></dict></dict><key>000000000000000000000100</key><dict><key>fileRef</key><string>00000000000000000000006a</string><key>isa</key><string>PBXBuildFile</string><key>settings</key><dict><key>ATTRIBUTES</key><array/></dict></dict><key>000000000000000000000101</key><dict><key>fileRef</key><string>00000000000000000000006b</string><key>isa</key><string>PBXBuildFile</string><key>settings</key><dict><key>ATTRIBUTES</key><array/></dict></dict><key>000000000000000000000102</key><dict><key>fileRef</key><string>00000000000000000000006c</string><key>isa</key><string>PBXBuildFile</string><key>settings</key><dict><key>ATTRIBUTES</key><array/></dict></dict><key>000000000000000000000103</key><dict><key>fileRef</key><string>00000000000000000000006d</string><key>isa</key><string>PBXBuildFile</string><key>settings</key><dict><key>ATTRIBUTES</key><array/></dict></dict><key>000000000000000000000104</key><dict><key>fileRef</key><string>00000000000000000000006e</string><key>isa</key><string>PBXBuildFile</string><key>settings</key><dict><key>ATTRIBUTES</key><array/></dict></dict><key>000000000000000000000105</key><dict><key>fileRef</key><string>00000000000000000000006f</string><key>isa</key><string>PBXBuildFile</string><key>settings</key><dict><key>ATTRIBUTES</key><array/></dict></dict><key>000000000000000000000106</key><dict><key>fileRef</key><string>000000000000000000000070</string><key>isa</key><string>PBXBuildFile</string><key>settings</key><dict><key>ATTRIBUTES</key><array/></dict></dict><key>000000000000000000000107</key><dict><key>fileRef</key><string>000000000000000000000071</string><key>isa</key><string>PBXBuildFile</string><key>settings</key><dict><key>ATTRIBUTES</key><array/></dict></dict><key>000000000000000000000108</key><dict><key>fileRef</key><string>000000000000000000000072</string><key>isa</key><string>PBXBuildFile</string><key>settings</key><dict><key>ATTRIBUTES</key><array/></dict></dict><key>000000000000000000000109</key><dict><key>fileRef</key><string>000000000000000000000073</string><key>isa</key><string>PBXBuildFile</string><key>settings</key><dict><key>ATTRIBUTES</key><array/></dict></dict><key>00000000000000000000010a</key><dict><key>fileRef</key><string>000000000000000000000074</string><key>isa</key><string>PBXBuildFile</string><key>settings</key><dict><key>ATTRIBUTES</key><array/></dict></dict><key>00000000000000000000010b</key><dict><key>fileRef</key><string>000000000000000000000075</string><key>isa</key><string>PBXBuildFile</string><key>settings</key><dict><key>ATTRIBUTES</key><array/></dict></dict><key>00000000000000000000010c</key><dict><key>fileRef</key><string>000000000000000000000076</string><key>isa</key><string>PBXBuildFile</string><key>settings</key><dict><key>ATTRIBUTES</key><array/></dict></dict><key>00000000000000000000010d</key><dict><key>fileRef</key><string>000000000000000000000077</string><key>isa</key><string>PBXBuildFile</string><key>settings</key><dict><key>ATTRIBUTES</key><array/></dict></dict><key>00000000000000000000010e</key><dict><key>fileRef</key><string>000000000000000000000078</string><key>isa</key><string>PBXBuildFile</string><key>settings</key><dict><key>ATTRIBUTES</key><array/></dict></dict><key>00000000000000000000010f</key><dict><key>fileRef</key><string>000000000000000000000079</string><key>isa</key><string>PBXBuildFile</string><key>settings</key><dict><key>ATTRIBUTES</key><array/></dict></dict><key>000000000000000000000110</key><dict><key>fileRef</key><string>00000000000000000000007a</string><key>isa</key><string>PBXBuildFile</string><key>settings</key><dict><key>ATTRIBUTES</key><array/></dict></dict><key>000000000000000000000111</key><dict><key>fileRef</key><string>00000000000000000000007b</string><key>isa</key><string>PBXBuildFile</string><key>settings</key><dict><key>ATTRIBUTES</key><array/></dict></dict><key>000000000000000000000112</key><dict><key>fileRef</key><string>00000000000000000000007c</string><key>isa</key><string>PBXBuildFile</string><key>settings</key><dict><key>ATTRIBUTES</key><array/></dict></dict><key>000000000000000000000113</key><dict><key>fileRef</key><string>00000000000000000000007d</string><key>isa</key><string>PBXBuildFile</string><key>settings</key><dict><key>ATTRIBUTES</key><array/></dict></dict><key>000000000000000000000114</key><dict><key>fileRef</key><string>00000000000000000000007e</string><key>isa</key><string>PBXBuildFile</string><key>settings</key><dict><key>ATTRIBUTES</key><array/></dict></dict><key>000000000000000000000115</key><dict><key>fileRef</key><string>00000000000000000000007f</string><key>isa</key><string>PBXBuildFile</string><key>settings</key><dict><key>ATTRIBUTES</key><array/></dict></dict><key>000000000000000000000116</key><dict><key>fileRef</key><string>000000000000000000000080</string><key>isa</key><string>PBXBuildFile</string><key>settings</key><dict><key>ATTRIBUTES</key><array/></dict></dict><key>000000000000000000000117</key><dict><key>fileRef</key><string>000000000000000000000081</string><key>isa</key><string>PBXBuildFile</string><key>settings</key><dict><key>ATTRIBUTES</key><array/></dict></dict><key>000000000000000000000118</key><dict><key>fileRef</key><string>000000000000000000000082</string><key>isa</key><string>PBXBuildFile</string><key>settings</key><dict><key>ATTRIBUTES</key><array/></dict></dict><key>000000000000000000000119</key><dict><key>fileRef</key><string>000000000000000000000083</string><key>isa</key><string>PBXBuildFile</string><key>settings</key><dict><key>ATTRIBUTES</key><array/></dict></dict><key>00000000000000000000011a</key><dict><key>fileRef</key><string>000000000000000000000084</string><key>isa</key><string>PBXBuildFile</string><key>settings</key><dict><key>ATTRIBUTES</key><array/></dict></dict><key>00000000000000000000011b</key><dict><key>fileRef</key><string>000000000000000000000085</string><key>isa</key><string>PBXBuildFile</string><key>settings</key><dict><key>ATTRIBUTES</key><array/></dict></dict><key>00000000000000000000011c</key><dict><key>fileRef</key><string>000000000000000000000086</string><key>isa</key><string>PBXBuildFile</string><key>settings</key><dict><key>ATTRIBUTES</key><array/></dict></dict><key>00000000000000000000011d</key><dict><key>fileRef</key><string>000000000000000000000087</string><key>isa</key><string>PBXBuildFile</string><key>settings</key><dict><key>ATTRIBUTES</key><array/></dict></dict><key>00000000000000000000011e</key><dict><key>fileRef</key><string>000000000000000000000088</string><key>isa</key><string>PBXBuildFile</string><key>settings</key><dict><key>ATTRIBUTES</key><array/></dict></dict><key>00000000000000000000011f</key><dict><key>fileRef</key><string>000000000000000000000089</string><key>isa</key><string>PBXBuildFile</string><key>settings</key><dict><key>ATTRIBUTES</key><array/></dict></dict><key>000000000000000000000120</key><dict><key>buildActionMask</key><string>2147483647</string><key>files</key><array><string>000000000000000000000096</string><string>000000000000000000000097</string><string>000000000000000000000098</string><string>000000000000000000000099</string><string>00000000000000000000009a</string><string>00000000000000000000009b</string><string>00000000000000000000009c</string><string>00000000000000000000009d</string><string>00000000000000000000009e</string><string>00000000000000000000009f</string><string>0000000000000000000000a0</string><string>0000000000000000000000a1</string><string>0000000000000000000000a2</string><string>0000000000000000000000a3</string><string>0000000000000000000000a4</string><string>0000000000000000000000a5</string><string>0000000000000000000000a6</string><string>0000000000000000000000a7</string><string>0000000000000000000000a8</string><string>0000000000000000000000a9</string><string>0000000000000000000000aa</string><string>0000000000000000000000ab</string><string>0000000000000000000000ac</string><string>0000000000000000000000ad</string><string>0000000000000000000000ae</string><string>0000000000000000000000af</string><string>0000000000000000000000b0</string><string>0000000000000000000000b1</string><string>0000000000000000000000b2</string><string>0000000000000000000000b3</string><string>0000000000000000000000b4</string><string>0000000000000000000000b5</string><string>0000000000000000000000b6</string><string>0000000000000000000000b7</string><string>0000000000000000000000b8</string><string>0000000000000000000000b9</string><string>0000000000000000000000ba</string><string>0000000000000000000000bb</string><string>0000000000000000000000bc</string><string>0000000000000000000000bd</string><string>0000000000000000000000be</string><string>0000000000000000000000bf</string><string>0000000000000000000000c0</string><string>0000000000000000000000c1</string><string>0000000000000000000000c2</string><string>0000000000000000000000c3</string><string>0000000000000000000000c4</string><string>0000000000000000000000c5</string><string>0000000000000000000000c6</string><string>0000000000000000000000c7</string><string>0000000000000000000000c8</string><string>0000000000000000000000c9</string><string>0000000000000000000000ca</string><string>0000000000000000000000cb</string><string>0000000000000000000000cc</string><string>0000000000000000000000cd</string><string>0000000000000000000000ce</string><string>0000000000000000000000cf</string><string>0000000000000000000000d0</string><string>0000000000000000000000d1</string><string>0000000000000000000000d2</string><string>0000000000000000000000d3</string><string>0000000000000000000000d4</string><string>0000000000000000000000d5</string><string>0000000000000000000000d6</string><string>0000000000000000000000d7</string><string>0000000000000000000000d8</string><string>0000000000000000000000d9</string><string>0000000000000000000000da</string><string>0000000000000000000000db</string><string>0000000000000000000000dc</string><string>0000000000000000000000dd</string><string>0000000000000000000000de</string><string>0000000000000000000000df</string><string>0000000000000000000000e0</string><string>0000000000000000000000e1</string><string>0000000000000000000000e2</string><string>0000000000000000000000e3</string><string>0000000000000000000000e4</string><string>0000000000000000000000e5</string><string>0000000000000000000000e6</string><string>0000000000000000000000e7</string><string>0000000000000000000000e8</string><string>0000000000000000000000e9</string><string>0000000000000000000000ea</string><string>0000000000000000000000eb</string><string>0000000000000000000000ec</string><string>0000000000000000000000ed</string><string>0000000000000000000000ee</string><string>0000000000000000000000ef</string><string>0000000000000000000000f0</string><string>0000000000000000000000f1</string><string>0000000000000000000000f2</string><string>0000000000000000000000f3</string><string>0000000000000000000000f4</string><string>0000000000000000000000f5</string><string>0000000000000000000000f6</string><string>0000000000000000000000f7</string><string>0000000000000000000000f8</string><string>0000000000000000000000f9</string><string>0000000000000000000000fa</string><string>0000000000000000000000fb</string><string>0000000000000000000000fc</string><string>0000000000000000000000fd</string><string>0000000000000000000000fe</string><string>0000000000000000000000ff</string><string>000000000000000000000100</string><string>000000000000000000000101</string><string>000000000000000000000102</string><string>000000000000000000000103</string><string>000000000000000000000104</string><string>000000000000000000000105</string><string>000000000000000000000106</string><string>000000000000000000000107</string><string>000000000000000000000108</string><string>000000000000000000000109</string><string>00000000000000000000010a</string><string>00000000000000000000010b</string><string>00000000000000000000010c</string><string>00000000000000000000010d</string><string>00000000000000000000010e</string><string>00000000000000000000010f</string><string>000000000000000000000110</string><string>000000000000000000000111</string><string>000000000000000000000112</string><string>000000000000000000000113</string><string>000000000000000000000114</string><string>000000000000000000000115</string><string>000000000000000000000116</string><string>000000000000000000000117</string><string>000000000000000000000118</string><string>000000000000000000000119</string><string>00000000000000000000011a</string><string>00000000000000000000011b</string><string>00000000000000000000011c</string><string>00000000000000000000011d</string><string>00000000000000000000011e</string><string>00000000000000000000011f</string></array><key>isa</key><string>PBXSourcesBuildPhase</string><key>runOnlyForDeploymentPostprocessing</key><string>0</string></dict><key>000000000000000000000121</key><dict><key>buildActionMask</key><string>8</string><key>files</key><array/><key>isa</key><string>PBXFrameworksBuildPhase</string><key>runOnlyForDeploymentPostprocessing</key><string>0</string></dict><key>000000000000000000000122</key><dict><key>buildActionMask</key><string>8</string><key>dstPath</key><string>/usr/share/man/man1</string><key>dstSubfolderSpec</key><string>0</string><key>files</key><array/><key>isa</key><string>PBXCopyFilesBuildPhase</string><key>runOnlyForDeploymentPostprocessing</key><string>1</string></dict><key>000000000000000000000123</key><dict><key>buildConfigurationList</key><string>000000000000000000000095</string><key>buildPhases</key><array><string>000000000000000000000120</string><string>000000000000000000000121</string><string>000000000000000000000122</string></array><key>buildRules</key><array/><key>dependencies</key><array/><key>isa</key><string>PBXNativeTarget</string><key>name</key><string>BRTOS_FRDM_KL25Z.elf</string><key>productInstallPath</key><string>$(HOME)/bin</string><key>productName</key><string>BRTOS_FRDM_KL25Z.elf</string><key>productReference</key><string>00000000000000000000008b</string><key>productType</key><string>com.apple.product-type.tool</string></dict></dict><key>rootObject</key><string>000000000000000000000092</string></dict></plist>